{
  "version": 4,
  "terraform_version": "1.7.5",
  "serial": 40,
  "lineage": "69272780-bd38-d7df-20dc-7a7a95cdef37",
  "outputs": {
    "key_data": {
      "value": "ssh-rsa AAAAB3NzaC1yc2EAAAADAQABAAABgQCkgbUdYj8tqIPeh1TRJaACP3FEMtQk/NHLULxHYiTiR0WCkG3LHwBTQ0Ybb92LvnXG+Tt6oWmI4XPkYzOSBz3hb8GSze7ybtj450ESR2xBIOR5CzB5y/dFMzXU4PxvfBcsgziWUirhewOR9GQID8HnzQri4H1MPAwFcUAgxgUQQd1+XetubMVpZ/C01RFDXTETdzrCL0AUyrwitjC1MHawY6CikDPCmfy2ssP55o8LayjfDmXDrOVOgGDNH4DMqBYDH8v1maSC5UgJhrE/m/hAtCIxMH6bnvoNAbyKC0mzL2gUDizRcEgeWUZsyfF5AUdn6j3lI7GZMyox7Uhvqi5EF6EF0V5baRExAKZl8kd03gLg84R2gJbXLraMpMP7d1wHDj03IcB1+LgLe2rrCHGIlHIRabXtuRDOmoPrLQMw6dzWBEgjCxUICdu0KMNgfyxV/f76An/keyL3c9IGbZDd0d3YvxCTX3SifgEDjsE2F9Y4hRopXg6l1laS2qiZG8k= generated-by-azure",
      "type": "string"
    },
    "public_ip_address": {
      "value": "40.114.9.29",
      "type": "string"
    },
    "resource_group_name": {
      "value": "rg-secure-hyena",
      "type": "string"
    }
  },
  "resources": [
    {
      "mode": "managed",
      "type": "azapi_resource",
      "name": "ssh_public_key",
      "provider": "provider[\"registry.terraform.io/azure/azapi\"]",
      "instances": [
        {
          "schema_version": 0,
          "attributes": {
            "body": "{}",
            "id": "/subscriptions/45f84c58-1880-4d26-81fd-3817bd11bc77/resourceGroups/rg-secure-hyena/providers/Microsoft.Compute/sshPublicKeys/sshpoeticsilkworm",
            "identity": [],
            "ignore_body_changes": null,
            "ignore_casing": false,
            "ignore_missing_property": true,
            "location": "eastus",
            "locks": null,
            "name": "sshpoeticsilkworm",
            "output": "{}",
            "parent_id": "/subscriptions/45f84c58-1880-4d26-81fd-3817bd11bc77/resourceGroups/rg-secure-hyena",
            "removing_special_chars": false,
            "response_export_values": null,
            "schema_validation_enabled": true,
            "tags": {},
            "timeouts": null,
            "type": "Microsoft.Compute/sshPublicKeys@2022-11-01"
          },
          "sensitive_attributes": [],
          "private": "eyJlMmJmYjczMC1lY2FhLTExZTYtOGY4OC0zNDM2M2JjN2M0YzAiOnsiY3JlYXRlIjoxODAwMDAwMDAwMDAwLCJkZWxldGUiOjE4MDAwMDAwMDAwMDAsInJlYWQiOjMwMDAwMDAwMDAwMCwidXBkYXRlIjoxODAwMDAwMDAwMDAwfX0=",
          "dependencies": [
            "azurerm_resource_group.rg",
            "random_pet.rg_name",
            "random_pet.ssh_key_name"
          ]
        }
      ]
    },
    {
      "mode": "managed",
      "type": "azapi_resource_action",
      "name": "ssh_public_key_gen",
      "provider": "provider[\"registry.terraform.io/azure/azapi\"]",
      "instances": [
        {
          "schema_version": 0,
          "attributes": {
            "action": "generateKeyPair",
            "body": null,
            "id": "/subscriptions/45f84c58-1880-4d26-81fd-3817bd11bc77/resourceGroups/rg-secure-hyena/providers/Microsoft.Compute/sshPublicKeys/sshpoeticsilkworm/generateKeyPair",
            "locks": null,
            "method": "POST",
            "output": "{\"privateKey\":\"-----BEGIN RSA PRIVATE KEY-----\\r\\nMIIG5QIBAAKCAYEApIG1HWI/LaiD3odU0SWgAj9xRDLUJPzRy1C8R2Ik4kdFgpBt\\r\\nyx8AU0NGG2/di751xvk7eqFpiOFz5GMzkgc94W/Bks3u8m7Y+OdBEkdsQSDkeQsw\\r\\necv3RTM11OD8b3wXLIM4llIq4XsDkfRkCA/B580K4uB9TDwMBXFAIMYFEEHdfl3r\\r\\nbmzFaWfwtNURQ10xE3c6wi9AFMq8IrYwtTB2sGOgopAzwpn8trLD+eaPC2so3w5l\\r\\nw6zlToBgzR+AzKgWAx/L9ZmkguVICYaxP5v4QLQiMTB+m576DQG8igtJsy9oFA4s\\r\\n0XBIHllGbMnxeQFHZ+o95SOxmTMqMe1Ib6ouRBehBdFeW2kRMQCmZfJHdN4C4POE\\r\\ndoCW1y62jKTD+3dcBw49NyHAdfi4C3tq6whxiJRyEWm17bkQzpqD6y0DMOnc1gRI\\r\\nIwsVCAnbtCjDYH8sVf3++gJ/5Hsi93PSBm2Q3dHd2L8Qk190on4BA47BNhfWOIUa\\r\\nKV4OpdZWktqomRvJAgMBAAECggGBAJFOgMwTm/qYfuJwZ1rWAR/7KfEzdG+3YRhV\\r\\nl/j1l97HVX6eVFy2ZXMmWSajCO4GrcGzI/aN3MorWlLBzSuPeflG3ZTukcFSaBRz\\r\\nL+cVb2mXxDemyorKvv9A3KvMjy1qTo3i2njs2zOPlPe3BySXxo8ZbiQ4ZnSQFY45\\r\\nGovYXWCezSZxjyNasIUKanNQQI9gIZkwF5auZcv3x3Zht2RUCoKDfcAZ355kpfQ6\\r\\nsyBpprBPVyqvbPQKJAHTI64LxZkAXgY59xB0GW6Lff94aEp337BJr8TSiaY8SxDu\\r\\n0tfDllVJu/csA5/byohkxWRNWpm2iCw6xEQqqo/F0NeXRf34dX0739wIB3KmQUcn\\r\\naj3yY5gH79Xc1Jya0xgmttZYjUea9ITO1rzNL6/lCeh/licAAJgNcQBzTciTxpWP\\r\\n6euWjN8hU81/AR8NkT+Mf1gSMIj1LIGcJrjwK2c0DZSQmdxGzUTORyLC0EKufd+l\\r\\nGThsKab0L74Zt+X2vjl41b4/4XTAgQKBwQDEBrX6vQWAD1Cp6zSbdkUZAv6zqthf\\r\\nbNNtBmGzKGIGIv1u774U4tzWyBKo/8hyeHr0YfK+IRXYeKLmy39KgNeSb53MmhCA\\r\\npIS18T0ryhlEIEQIPWh5Pg+q/tmmwi7lGs+yUIb8ALGPBGLaHeFSreSd0uT7Gkko\\r\\np2dsdJTDQsBxkuYwt2Q2MKqWqm/U8l46XeuMrnFkFHqf8YCIPL8pmbIQkH897qJN\\r\\ndBP/YGP+b0xUhjdi1MSe1ON78hEdjOUjNCsCgcEA1tZNjJKQtNbmxIy8KybJem/C\\r\\nNKG/LHYkldHf1YN2NnV8VI/PDjV+FR7MIs38asrgrPlurWIQz1+sYb0JuTFRpSBQ\\r\\nGgxErf0RBUgU3Fj/BRqLWE0zXkVJ9FDpOQcTvgUb+Cz2SR8pzYgZ+tcawpGQ6iDA\\r\\nHM0G5cCBt856/gZQYOL6rx+Kfx1HtrmSM8K9VYMWFvbJWmRy+s+XpCZPqC5lwWNH\\r\\nvts+Rn2zgJKtclkvdFQ+hh2gr9S4Cl+a1LsDnfHbAoHAMB7VnW+5Ye5ghtXOXDt0\\r\\nSueJTuGprAMzA5iFc01+grMkM492wfnO7IrAyevAcRlSVZuV00ab7j/u/WkHHmry\\r\\ngGgV/Jv1YR8B1QgbVByQh0DEcqFgfCLYBcn59A3HJUanpcZO3J3u+ITDH3gmT/2Q\\r\\nGY4j1+BkBS7THLShsC06wKanC155ozPfLI06VrQInZtgr3BDNaYxVAIc41TGOJga\\r\\nNibClZl3DjxojFBFO7hmrHkmL4S7n6HzFgIeYXqs5S9xAoHBALMJdScpHZ8XWMmD\\r\\n32y2rkFy0Y27He6XpnWUqczt+Z342tw93Hgi7Cf9unFm6Gy3FfYRCMNFbmzjdm0d\\r\\ndPT4vOm3vAl5H+M/eufD4l6fbCd8r5OvApgVdkQ9CZ+U3kcFSwHPto/JgLTgL4Zz\\r\\nrMFpPjNfh7p4wr7FZ1UepjD8Yg/cGL3Is0qrxA/rJoQsTkztKYOJttO10nxidCVA\\r\\nKDIoOHSpoCjV3VgxeV403obk/D8d1d0+46Kky5sZgZa3I5SE8QKBwQCM9xn1jIkg\\r\\n4jda+cPpgfgLPZ3J5rlWO4PLjv3TR7pPSkuPxRkb+bzhezDsjg+FVvYpf0t2zjUc\\r\\nIBgFxLQfMcQu5auL7oX1EPo/RfvQ9q9AKkFB67RYjjLE+NK6kVbUKQVRnepUQ22N\\r\\nNpH5FNQ7HL4urd/WXoK7nV8e8MuvVAW+ug/izMwNkoAgpT8M5EQ47EDHklo2rm9D\\r\\nQi95BErlDFNnMqLL9p9FxbwJ8ikACGWNu273qy6lw2GraWoF9WCoa5w=\\r\\n-----END RSA PRIVATE KEY-----\\r\\n\",\"publicKey\":\"ssh-rsa AAAAB3NzaC1yc2EAAAADAQABAAABgQCkgbUdYj8tqIPeh1TRJaACP3FEMtQk/NHLULxHYiTiR0WCkG3LHwBTQ0Ybb92LvnXG+Tt6oWmI4XPkYzOSBz3hb8GSze7ybtj450ESR2xBIOR5CzB5y/dFMzXU4PxvfBcsgziWUirhewOR9GQID8HnzQri4H1MPAwFcUAgxgUQQd1+XetubMVpZ/C01RFDXTETdzrCL0AUyrwitjC1MHawY6CikDPCmfy2ssP55o8LayjfDmXDrOVOgGDNH4DMqBYDH8v1maSC5UgJhrE/m/hAtCIxMH6bnvoNAbyKC0mzL2gUDizRcEgeWUZsyfF5AUdn6j3lI7GZMyox7Uhvqi5EF6EF0V5baRExAKZl8kd03gLg84R2gJbXLraMpMP7d1wHDj03IcB1+LgLe2rrCHGIlHIRabXtuRDOmoPrLQMw6dzWBEgjCxUICdu0KMNgfyxV/f76An/keyL3c9IGbZDd0d3YvxCTX3SifgEDjsE2F9Y4hRopXg6l1laS2qiZG8k= generated-by-azure\"}",
            "resource_id": "/subscriptions/45f84c58-1880-4d26-81fd-3817bd11bc77/resourceGroups/rg-secure-hyena/providers/Microsoft.Compute/sshPublicKeys/sshpoeticsilkworm",
            "response_export_values": [
              "publicKey",
              "privateKey"
            ],
            "timeouts": null,
            "type": "Microsoft.Compute/sshPublicKeys@2022-11-01",
            "when": "apply"
          },
          "sensitive_attributes": [],
          "private": "eyJlMmJmYjczMC1lY2FhLTExZTYtOGY4OC0zNDM2M2JjN2M0YzAiOnsiY3JlYXRlIjoxODAwMDAwMDAwMDAwLCJkZWxldGUiOjE4MDAwMDAwMDAwMDAsInJlYWQiOjMwMDAwMDAwMDAwMCwidXBkYXRlIjoxODAwMDAwMDAwMDAwfX0=",
          "dependencies": [
            "azapi_resource.ssh_public_key",
            "azurerm_resource_group.rg",
            "random_pet.rg_name",
            "random_pet.ssh_key_name"
          ]
        }
      ]
    },
    {
      "mode": "managed",
      "type": "azurerm_linux_virtual_machine",
      "name": "my_terraform_vm",
      "provider": "provider[\"registry.terraform.io/hashicorp/azurerm\"]",
      "instances": [
        {
          "schema_version": 0,
          "attributes": {
            "additional_capabilities": [],
            "admin_password": null,
            "admin_ssh_key": [
              {
                "public_key": "ssh-rsa AAAAB3NzaC1yc2EAAAADAQABAAABgQCkgbUdYj8tqIPeh1TRJaACP3FEMtQk/NHLULxHYiTiR0WCkG3LHwBTQ0Ybb92LvnXG+Tt6oWmI4XPkYzOSBz3hb8GSze7ybtj450ESR2xBIOR5CzB5y/dFMzXU4PxvfBcsgziWUirhewOR9GQID8HnzQri4H1MPAwFcUAgxgUQQd1+XetubMVpZ/C01RFDXTETdzrCL0AUyrwitjC1MHawY6CikDPCmfy2ssP55o8LayjfDmXDrOVOgGDNH4DMqBYDH8v1maSC5UgJhrE/m/hAtCIxMH6bnvoNAbyKC0mzL2gUDizRcEgeWUZsyfF5AUdn6j3lI7GZMyox7Uhvqi5EF6EF0V5baRExAKZl8kd03gLg84R2gJbXLraMpMP7d1wHDj03IcB1+LgLe2rrCHGIlHIRabXtuRDOmoPrLQMw6dzWBEgjCxUICdu0KMNgfyxV/f76An/keyL3c9IGbZDd0d3YvxCTX3SifgEDjsE2F9Y4hRopXg6l1laS2qiZG8k= generated-by-azure",
                "username": "azureadmin"
              }
            ],
            "admin_username": "azureadmin",
            "allow_extension_operations": true,
            "availability_set_id": "",
            "boot_diagnostics": [
              {
                "storage_account_uri": "https://diag5fb2b321fe46325e.blob.core.windows.net/"
              }
            ],
            "computer_name": "mossview",
            "custom_data": null,
            "dedicated_host_group_id": "",
            "dedicated_host_id": "",
            "disable_password_authentication": true,
            "encryption_at_host_enabled": false,
            "eviction_policy": "",
            "extensions_time_budget": "PT1H30M",
            "id": "/subscriptions/45f84c58-1880-4d26-81fd-3817bd11bc77/resourceGroups/rg-secure-hyena/providers/Microsoft.Compute/virtualMachines/myVM",
            "identity": [],
            "license_type": "",
            "location": "eastus",
            "max_bid_price": -1,
            "name": "myVM",
            "network_interface_ids": [
              "/subscriptions/45f84c58-1880-4d26-81fd-3817bd11bc77/resourceGroups/rg-secure-hyena/providers/Microsoft.Network/networkInterfaces/myNIC"
            ],
            "os_disk": [
              {
                "caching": "ReadWrite",
                "diff_disk_settings": [],
                "disk_encryption_set_id": "",
                "disk_size_gb": 30,
                "name": "myOsDisk",
                "storage_account_type": "Premium_LRS",
                "write_accelerator_enabled": false
              }
            ],
            "patch_mode": "ImageDefault",
            "plan": [],
            "platform_fault_domain": -1,
            "priority": "Regular",
            "private_ip_address": "10.0.1.4",
            "private_ip_addresses": [
              "10.0.1.4"
            ],
            "provision_vm_agent": true,
            "proximity_placement_group_id": "",
            "public_ip_address": "40.114.9.29",
            "public_ip_addresses": [
              "40.114.9.29"
            ],
            "resource_group_name": "rg-secure-hyena",
            "secret": [],
            "secure_boot_enabled": false,
            "size": "Standard_DS1_v2",
            "source_image_id": "",
            "source_image_reference": [
              {
                "offer": "0001-com-ubuntu-server-jammy",
                "publisher": "Canonical",
                "sku": "22_04-lts-gen2",
                "version": "latest"
              }
            ],
            "tags": {},
            "timeouts": null,
            "user_data": "",
            "virtual_machine_id": "5fc6cb4d-3227-40b6-b541-b8fc368b721c",
            "virtual_machine_scale_set_id": "",
            "vtpm_enabled": false,
            "zone": ""
          },
          "sensitive_attributes": [],
          "private": "eyJlMmJmYjczMC1lY2FhLTExZTYtOGY4OC0zNDM2M2JjN2M0YzAiOnsiY3JlYXRlIjoyNzAwMDAwMDAwMDAwLCJkZWxldGUiOjI3MDAwMDAwMDAwMDAsInJlYWQiOjMwMDAwMDAwMDAwMCwidXBkYXRlIjoyNzAwMDAwMDAwMDAwfX0=",
          "dependencies": [
            "azapi_resource.ssh_public_key",
            "azapi_resource_action.ssh_public_key_gen",
            "azurerm_network_interface.my_terraform_nic",
            "azurerm_public_ip.my_terraform_public_ip",
            "azurerm_resource_group.rg",
            "azurerm_storage_account.my_storage_account",
            "azurerm_subnet.my_terraform_subnet",
            "azurerm_virtual_network.my_terraform_network",
            "random_id.random_id",
            "random_pet.rg_name",
            "random_pet.ssh_key_name"
          ]
        }
      ]
    },
    {
      "mode": "managed",
      "type": "azurerm_managed_disk",
      "name": "example_disk",
      "provider": "provider[\"registry.terraform.io/hashicorp/azurerm\"]",
      "instances": [
        {
          "schema_version": 0,
          "attributes": {
            "create_option": "Empty",
            "disk_access_id": "",
            "disk_encryption_set_id": "",
            "disk_iops_read_only": 0,
            "disk_iops_read_write": 120,
            "disk_mbps_read_only": 0,
            "disk_mbps_read_write": 25,
            "disk_size_gb": 15,
            "encryption_settings": [],
            "gallery_image_reference_id": "",
            "hyper_v_generation": "",
            "id": "/subscriptions/45f84c58-1880-4d26-81fd-3817bd11bc77/resourceGroups/rg-secure-hyena/providers/Microsoft.Compute/disks/first-extra-disk",
            "image_reference_id": "",
            "location": "eastus",
            "logical_sector_size": null,
            "max_shares": 0,
            "name": "first-extra-disk",
            "network_access_policy": null,
            "on_demand_bursting_enabled": false,
            "os_type": "",
            "public_network_access_enabled": true,
            "resource_group_name": "rg-secure-hyena",
            "source_resource_id": "",
            "source_uri": "",
            "storage_account_id": "",
            "storage_account_type": "Premium_LRS",
            "tags": {},
            "tier": "P3",
            "timeouts": null,
            "trusted_launch_enabled": false,
            "zones": []
          },
          "sensitive_attributes": [],
          "private": "eyJlMmJmYjczMC1lY2FhLTExZTYtOGY4OC0zNDM2M2JjN2M0YzAiOnsiY3JlYXRlIjoxODAwMDAwMDAwMDAwLCJkZWxldGUiOjE4MDAwMDAwMDAwMDAsInJlYWQiOjMwMDAwMDAwMDAwMCwidXBkYXRlIjoxODAwMDAwMDAwMDAwfX0=",
          "dependencies": [
            "azurerm_resource_group.rg",
            "random_pet.rg_name"
          ]
        }
      ]
    },
    {
      "mode": "managed",
      "type": "azurerm_network_interface",
      "name": "my_terraform_nic",
      "provider": "provider[\"registry.terraform.io/hashicorp/azurerm\"]",
      "instances": [
        {
          "schema_version": 0,
          "attributes": {
            "applied_dns_servers": [],
            "dns_servers": [],
            "enable_accelerated_networking": false,
            "enable_ip_forwarding": false,
            "id": "/subscriptions/45f84c58-1880-4d26-81fd-3817bd11bc77/resourceGroups/rg-secure-hyena/providers/Microsoft.Network/networkInterfaces/myNIC",
            "internal_dns_name_label": "",
            "internal_domain_name_suffix": "l5hyf3flzyze3ilyzwudbyb35h.bx.internal.cloudapp.net",
            "ip_configuration": [
              {
                "gateway_load_balancer_frontend_ip_configuration_id": "",
                "name": "my_nic_configuration",
                "primary": true,
                "private_ip_address": "10.0.1.4",
                "private_ip_address_allocation": "Dynamic",
                "private_ip_address_version": "IPv4",
                "public_ip_address_id": "/subscriptions/45f84c58-1880-4d26-81fd-3817bd11bc77/resourceGroups/rg-secure-hyena/providers/Microsoft.Network/publicIPAddresses/myPublicIP",
                "subnet_id": "/subscriptions/45f84c58-1880-4d26-81fd-3817bd11bc77/resourceGroups/rg-secure-hyena/providers/Microsoft.Network/virtualNetworks/myVnet/subnets/mySubnet"
              }
            ],
            "location": "eastus",
            "mac_address": "00-0D-3A-18-BC-39",
            "name": "myNIC",
            "private_ip_address": "10.0.1.4",
            "private_ip_addresses": [
              "10.0.1.4"
            ],
            "resource_group_name": "rg-secure-hyena",
            "tags": {},
            "timeouts": null,
            "virtual_machine_id": "/subscriptions/45f84c58-1880-4d26-81fd-3817bd11bc77/resourceGroups/rg-secure-hyena/providers/Microsoft.Compute/virtualMachines/myVM"
          },
          "sensitive_attributes": [],
          "private": "eyJlMmJmYjczMC1lY2FhLTExZTYtOGY4OC0zNDM2M2JjN2M0YzAiOnsiY3JlYXRlIjoxODAwMDAwMDAwMDAwLCJkZWxldGUiOjE4MDAwMDAwMDAwMDAsInJlYWQiOjMwMDAwMDAwMDAwMCwidXBkYXRlIjoxODAwMDAwMDAwMDAwfX0=",
          "dependencies": [
            "azurerm_public_ip.my_terraform_public_ip",
            "azurerm_resource_group.rg",
            "azurerm_subnet.my_terraform_subnet",
            "azurerm_virtual_network.my_terraform_network",
            "random_pet.rg_name"
          ]
        }
      ]
    },
    {
      "mode": "managed",
      "type": "azurerm_network_interface_security_group_association",
      "name": "example",
      "provider": "provider[\"registry.terraform.io/hashicorp/azurerm\"]",
      "instances": [
        {
          "schema_version": 0,
          "attributes": {
            "id": "/subscriptions/45f84c58-1880-4d26-81fd-3817bd11bc77/resourceGroups/rg-secure-hyena/providers/Microsoft.Network/networkInterfaces/myNIC|/subscriptions/45f84c58-1880-4d26-81fd-3817bd11bc77/resourceGroups/rg-secure-hyena/providers/Microsoft.Network/networkSecurityGroups/myNetworkSecurityGroup",
            "network_interface_id": "/subscriptions/45f84c58-1880-4d26-81fd-3817bd11bc77/resourceGroups/rg-secure-hyena/providers/Microsoft.Network/networkInterfaces/myNIC",
            "network_security_group_id": "/subscriptions/45f84c58-1880-4d26-81fd-3817bd11bc77/resourceGroups/rg-secure-hyena/providers/Microsoft.Network/networkSecurityGroups/myNetworkSecurityGroup",
            "timeouts": null
          },
          "sensitive_attributes": [],
          "private": "eyJlMmJmYjczMC1lY2FhLTExZTYtOGY4OC0zNDM2M2JjN2M0YzAiOnsiY3JlYXRlIjoxODAwMDAwMDAwMDAwLCJkZWxldGUiOjE4MDAwMDAwMDAwMDAsInJlYWQiOjMwMDAwMDAwMDAwMCwidXBkYXRlIjoxODAwMDAwMDAwMDAwfX0=",
          "dependencies": [
            "azurerm_network_interface.my_terraform_nic",
            "azurerm_network_security_group.my_terraform_nsg",
            "azurerm_public_ip.my_terraform_public_ip",
            "azurerm_resource_group.rg",
            "azurerm_subnet.my_terraform_subnet",
            "azurerm_virtual_network.my_terraform_network",
            "random_pet.rg_name"
          ]
        }
      ]
    },
    {
      "mode": "managed",
      "type": "azurerm_network_security_group",
      "name": "my_terraform_nsg",
      "provider": "provider[\"registry.terraform.io/hashicorp/azurerm\"]",
      "instances": [
        {
          "schema_version": 0,
          "attributes": {
            "id": "/subscriptions/45f84c58-1880-4d26-81fd-3817bd11bc77/resourceGroups/rg-secure-hyena/providers/Microsoft.Network/networkSecurityGroups/myNetworkSecurityGroup",
            "location": "eastus",
            "name": "myNetworkSecurityGroup",
            "resource_group_name": "rg-secure-hyena",
            "security_rule": [
              {
                "access": "Allow",
                "description": "",
                "destination_address_prefix": "*",
                "destination_address_prefixes": [],
                "destination_application_security_group_ids": [],
                "destination_port_range": "22",
                "destination_port_ranges": [],
                "direction": "Inbound",
                "name": "SSH",
                "priority": 1001,
                "protocol": "Tcp",
                "source_address_prefix": "*",
                "source_address_prefixes": [],
                "source_application_security_group_ids": [],
                "source_port_range": "*",
                "source_port_ranges": []
              }
            ],
            "tags": {},
            "timeouts": null
          },
          "sensitive_attributes": [],
          "private": "eyJlMmJmYjczMC1lY2FhLTExZTYtOGY4OC0zNDM2M2JjN2M0YzAiOnsiY3JlYXRlIjoxODAwMDAwMDAwMDAwLCJkZWxldGUiOjE4MDAwMDAwMDAwMDAsInJlYWQiOjMwMDAwMDAwMDAwMCwidXBkYXRlIjoxODAwMDAwMDAwMDAwfX0=",
          "dependencies": [
            "azurerm_resource_group.rg",
            "random_pet.rg_name"
          ]
        }
      ]
    },
    {
      "mode": "managed",
      "type": "azurerm_public_ip",
      "name": "my_terraform_public_ip",
      "provider": "provider[\"registry.terraform.io/hashicorp/azurerm\"]",
      "instances": [
        {
          "schema_version": 0,
          "attributes": {
            "allocation_method": "Dynamic",
            "availability_zone": "No-Zone",
            "domain_name_label": null,
            "fqdn": null,
            "id": "/subscriptions/45f84c58-1880-4d26-81fd-3817bd11bc77/resourceGroups/rg-secure-hyena/providers/Microsoft.Network/publicIPAddresses/myPublicIP",
            "idle_timeout_in_minutes": 4,
            "ip_address": "40.114.9.29",
            "ip_tags": {},
            "ip_version": "IPv4",
            "location": "eastus",
            "name": "myPublicIP",
            "public_ip_prefix_id": null,
            "resource_group_name": "rg-secure-hyena",
            "reverse_fqdn": null,
            "sku": "Basic",
            "sku_tier": "Regional",
            "tags": {},
            "timeouts": null,
            "zones": []
          },
          "sensitive_attributes": [],
          "private": "eyJlMmJmYjczMC1lY2FhLTExZTYtOGY4OC0zNDM2M2JjN2M0YzAiOnsiY3JlYXRlIjoxODAwMDAwMDAwMDAwLCJkZWxldGUiOjE4MDAwMDAwMDAwMDAsInJlYWQiOjMwMDAwMDAwMDAwMCwidXBkYXRlIjoxODAwMDAwMDAwMDAwfX0=",
          "dependencies": [
            "azurerm_resource_group.rg",
            "random_pet.rg_name"
          ]
        }
      ]
    },
    {
      "mode": "managed",
      "type": "azurerm_resource_group",
      "name": "rg",
      "provider": "provider[\"registry.terraform.io/hashicorp/azurerm\"]",
      "instances": [
        {
          "schema_version": 0,
          "attributes": {
            "id": "/subscriptions/45f84c58-1880-4d26-81fd-3817bd11bc77/resourceGroups/rg-secure-hyena",
            "location": "eastus",
            "name": "rg-secure-hyena",
            "tags": {},
            "timeouts": null
          },
          "sensitive_attributes": [],
          "private": "eyJlMmJmYjczMC1lY2FhLTExZTYtOGY4OC0zNDM2M2JjN2M0YzAiOnsiY3JlYXRlIjo1NDAwMDAwMDAwMDAwLCJkZWxldGUiOjU0MDAwMDAwMDAwMDAsInJlYWQiOjMwMDAwMDAwMDAwMCwidXBkYXRlIjo1NDAwMDAwMDAwMDAwfX0=",
          "dependencies": [
            "random_pet.rg_name"
          ]
        }
      ]
    },
    {
      "mode": "managed",
      "type": "azurerm_storage_account",
      "name": "my_storage_account",
      "provider": "provider[\"registry.terraform.io/hashicorp/azurerm\"]",
      "instances": [
        {
          "schema_version": 2,
          "attributes": {
            "access_tier": "Hot",
            "account_kind": "StorageV2",
            "account_replication_type": "LRS",
            "account_tier": "Standard",
            "allow_blob_public_access": false,
            "azure_files_authentication": [],
            "blob_properties": [
              {
                "change_feed_enabled": false,
                "container_delete_retention_policy": [],
                "cors_rule": [],
                "default_service_version": "",
                "delete_retention_policy": [],
                "last_access_time_enabled": false,
                "versioning_enabled": false
              }
            ],
            "custom_domain": [],
            "customer_managed_key": [],
            "enable_https_traffic_only": true,
            "id": "/subscriptions/45f84c58-1880-4d26-81fd-3817bd11bc77/resourceGroups/rg-secure-hyena/providers/Microsoft.Storage/storageAccounts/diag5fb2b321fe46325e",
            "identity": [],
            "infrastructure_encryption_enabled": false,
            "is_hns_enabled": false,
            "large_file_share_enabled": null,
            "location": "eastus",
            "min_tls_version": "TLS1_0",
            "name": "diag5fb2b321fe46325e",
            "network_rules": [
              {
                "bypass": [
                  "AzureServices"
                ],
                "default_action": "Allow",
                "ip_rules": [],
                "private_link_access": [],
                "virtual_network_subnet_ids": []
              }
            ],
            "nfsv3_enabled": false,
            "primary_access_key": "NXbl3AsGyjYQ620BRPg0kRJWVJC5OpCOL7ji7nN6sSXR8t2/p4r5aRrS+FnNVajm0NZzZWlWievJ+AStxSIPjg==",
            "primary_blob_connection_string": "DefaultEndpointsProtocol=https;BlobEndpoint=https://diag5fb2b321fe46325e.blob.core.windows.net/;AccountName=diag5fb2b321fe46325e;AccountKey=NXbl3AsGyjYQ620BRPg0kRJWVJC5OpCOL7ji7nN6sSXR8t2/p4r5aRrS+FnNVajm0NZzZWlWievJ+AStxSIPjg==",
            "primary_blob_endpoint": "https://diag5fb2b321fe46325e.blob.core.windows.net/",
            "primary_blob_host": "diag5fb2b321fe46325e.blob.core.windows.net",
            "primary_connection_string": "DefaultEndpointsProtocol=https;AccountName=diag5fb2b321fe46325e;AccountKey=NXbl3AsGyjYQ620BRPg0kRJWVJC5OpCOL7ji7nN6sSXR8t2/p4r5aRrS+FnNVajm0NZzZWlWievJ+AStxSIPjg==;EndpointSuffix=core.windows.net",
            "primary_dfs_endpoint": "https://diag5fb2b321fe46325e.dfs.core.windows.net/",
            "primary_dfs_host": "diag5fb2b321fe46325e.dfs.core.windows.net",
            "primary_file_endpoint": "https://diag5fb2b321fe46325e.file.core.windows.net/",
            "primary_file_host": "diag5fb2b321fe46325e.file.core.windows.net",
            "primary_location": "eastus",
            "primary_queue_endpoint": "https://diag5fb2b321fe46325e.queue.core.windows.net/",
            "primary_queue_host": "diag5fb2b321fe46325e.queue.core.windows.net",
            "primary_table_endpoint": "https://diag5fb2b321fe46325e.table.core.windows.net/",
            "primary_table_host": "diag5fb2b321fe46325e.table.core.windows.net",
            "primary_web_endpoint": "https://diag5fb2b321fe46325e.z13.web.core.windows.net/",
            "primary_web_host": "diag5fb2b321fe46325e.z13.web.core.windows.net",
            "queue_encryption_key_type": "Service",
            "queue_properties": [
              {
                "cors_rule": [],
                "hour_metrics": [
                  {
                    "enabled": true,
                    "include_apis": true,
                    "retention_policy_days": 7,
                    "version": "1.0"
                  }
                ],
                "logging": [
                  {
                    "delete": false,
                    "read": false,
                    "retention_policy_days": 0,
                    "version": "1.0",
                    "write": false
                  }
                ],
                "minute_metrics": [
                  {
                    "enabled": false,
                    "include_apis": false,
                    "retention_policy_days": 0,
                    "version": "1.0"
                  }
                ]
              }
            ],
            "resource_group_name": "rg-secure-hyena",
            "routing": [],
            "secondary_access_key": "jMoV8Hgo4PMcDtKJ2/RB5BhGkAiVyoMmdoHe/tJmdT7GA+QBgwPObRXRwq8+/SdUM9TLbahlSnz8+AStGZ4zgA==",
            "secondary_blob_connection_string": "",
            "secondary_blob_endpoint": null,
            "secondary_blob_host": null,
            "secondary_connection_string": "DefaultEndpointsProtocol=https;AccountName=diag5fb2b321fe46325e;AccountKey=jMoV8Hgo4PMcDtKJ2/RB5BhGkAiVyoMmdoHe/tJmdT7GA+QBgwPObRXRwq8+/SdUM9TLbahlSnz8+AStGZ4zgA==;EndpointSuffix=core.windows.net",
            "secondary_dfs_endpoint": null,
            "secondary_dfs_host": null,
            "secondary_file_endpoint": null,
            "secondary_file_host": null,
            "secondary_location": "",
            "secondary_queue_endpoint": null,
            "secondary_queue_host": null,
            "secondary_table_endpoint": null,
            "secondary_table_host": null,
            "secondary_web_endpoint": null,
            "secondary_web_host": null,
            "share_properties": [
              {
                "cors_rule": [],
                "retention_policy": [
                  {
                    "days": 7
                  }
                ],
                "smb": []
              }
            ],
            "shared_access_key_enabled": true,
            "static_website": [],
            "table_encryption_key_type": "Service",
            "tags": {},
            "timeouts": null
          },
          "sensitive_attributes": [],
          "private": "eyJlMmJmYjczMC1lY2FhLTExZTYtOGY4OC0zNDM2M2JjN2M0YzAiOnsiY3JlYXRlIjozNjAwMDAwMDAwMDAwLCJkZWxldGUiOjM2MDAwMDAwMDAwMDAsInJlYWQiOjMwMDAwMDAwMDAwMCwidXBkYXRlIjozNjAwMDAwMDAwMDAwfSwic2NoZW1hX3ZlcnNpb24iOiIyIn0=",
          "dependencies": [
            "azurerm_resource_group.rg",
            "random_id.random_id",
            "random_pet.rg_name"
          ]
        }
      ]
    },
    {
      "mode": "managed",
      "type": "azurerm_subnet",
      "name": "my_terraform_subnet",
      "provider": "provider[\"registry.terraform.io/hashicorp/azurerm\"]",
      "instances": [
        {
          "schema_version": 0,
          "attributes": {
            "address_prefix": "10.0.1.0/24",
            "address_prefixes": [
              "10.0.1.0/24"
            ],
            "delegation": [],
            "enforce_private_link_endpoint_network_policies": false,
            "enforce_private_link_service_network_policies": false,
            "id": "/subscriptions/45f84c58-1880-4d26-81fd-3817bd11bc77/resourceGroups/rg-secure-hyena/providers/Microsoft.Network/virtualNetworks/myVnet/subnets/mySubnet",
            "name": "mySubnet",
            "resource_group_name": "rg-secure-hyena",
            "service_endpoint_policy_ids": [],
            "service_endpoints": [],
            "timeouts": null,
            "virtual_network_name": "myVnet"
          },
          "sensitive_attributes": [],
          "private": "eyJlMmJmYjczMC1lY2FhLTExZTYtOGY4OC0zNDM2M2JjN2M0YzAiOnsiY3JlYXRlIjoxODAwMDAwMDAwMDAwLCJkZWxldGUiOjE4MDAwMDAwMDAwMDAsInJlYWQiOjMwMDAwMDAwMDAwMCwidXBkYXRlIjoxODAwMDAwMDAwMDAwfX0=",
          "dependencies": [
            "azurerm_resource_group.rg",
            "azurerm_virtual_network.my_terraform_network",
            "random_pet.rg_name"
          ]
        }
      ]
    },
    {
      "mode": "managed",
      "type": "azurerm_virtual_machine_data_disk_attachment",
      "name": "example_attachment",
      "provider": "provider[\"registry.terraform.io/hashicorp/azurerm\"]",
      "instances": [
        {
          "schema_version": 0,
          "attributes": {
            "caching": "None",
            "create_option": "Attach",
            "id": "/subscriptions/45f84c58-1880-4d26-81fd-3817bd11bc77/resourceGroups/rg-secure-hyena/providers/Microsoft.Compute/virtualMachines/myVM/dataDisks/first-extra-disk",
            "lun": 1,
            "managed_disk_id": "/subscriptions/45f84c58-1880-4d26-81fd-3817bd11bc77/resourceGroups/rg-secure-hyena/providers/Microsoft.Compute/disks/first-extra-disk",
            "timeouts": null,
            "virtual_machine_id": "/subscriptions/45f84c58-1880-4d26-81fd-3817bd11bc77/resourceGroups/rg-secure-hyena/providers/Microsoft.Compute/virtualMachines/myVM",
            "write_accelerator_enabled": false
          },
          "sensitive_attributes": [],
          "private": "eyJlMmJmYjczMC1lY2FhLTExZTYtOGY4OC0zNDM2M2JjN2M0YzAiOnsiY3JlYXRlIjoxODAwMDAwMDAwMDAwLCJkZWxldGUiOjE4MDAwMDAwMDAwMDAsInJlYWQiOjMwMDAwMDAwMDAwMCwidXBkYXRlIjoxODAwMDAwMDAwMDAwfX0=",
          "dependencies": [
            "azapi_resource.ssh_public_key",
            "azapi_resource_action.ssh_public_key_gen",
            "azurerm_linux_virtual_machine.my_terraform_vm",
            "azurerm_managed_disk.example_disk",
            "azurerm_network_interface.my_terraform_nic",
            "azurerm_public_ip.my_terraform_public_ip",
            "azurerm_resource_group.rg",
            "azurerm_storage_account.my_storage_account",
            "azurerm_subnet.my_terraform_subnet",
            "azurerm_virtual_network.my_terraform_network",
            "random_id.random_id",
            "random_pet.rg_name",
            "random_pet.ssh_key_name"
          ]
        }
      ]
    },
    {
      "mode": "managed",
      "type": "azurerm_virtual_network",
      "name": "my_terraform_network",
      "provider": "provider[\"registry.terraform.io/hashicorp/azurerm\"]",
      "instances": [
        {
          "schema_version": 0,
          "attributes": {
            "address_space": [
              "10.0.0.0/16"
            ],
            "bgp_community": "",
            "ddos_protection_plan": [],
            "dns_servers": [],
            "flow_timeout_in_minutes": 0,
            "guid": "f482cf5f-ceab-4e32-a178-cda830e03dff",
            "id": "/subscriptions/45f84c58-1880-4d26-81fd-3817bd11bc77/resourceGroups/rg-secure-hyena/providers/Microsoft.Network/virtualNetworks/myVnet",
            "location": "eastus",
            "name": "myVnet",
            "resource_group_name": "rg-secure-hyena",
            "subnet": [
              {
                "address_prefix": "10.0.1.0/24",
                "id": "/subscriptions/45f84c58-1880-4d26-81fd-3817bd11bc77/resourceGroups/rg-secure-hyena/providers/Microsoft.Network/virtualNetworks/myVnet/subnets/mySubnet",
                "name": "mySubnet",
                "security_group": ""
              }
            ],
            "tags": {},
            "timeouts": null,
            "vm_protection_enabled": false
          },
          "sensitive_attributes": [],
          "private": "eyJlMmJmYjczMC1lY2FhLTExZTYtOGY4OC0zNDM2M2JjN2M0YzAiOnsiY3JlYXRlIjoxODAwMDAwMDAwMDAwLCJkZWxldGUiOjE4MDAwMDAwMDAwMDAsInJlYWQiOjMwMDAwMDAwMDAwMCwidXBkYXRlIjoxODAwMDAwMDAwMDAwfX0=",
          "dependencies": [
            "azurerm_resource_group.rg",
            "random_pet.rg_name"
          ]
        }
      ]
    },
    {
      "mode": "managed",
      "type": "random_id",
      "name": "random_id",
      "provider": "provider[\"registry.terraform.io/hashicorp/random\"]",
      "instances": [
        {
          "schema_version": 0,
          "attributes": {
            "b64_std": "X7KzIf5GMl4=",
            "b64_url": "X7KzIf5GMl4",
            "byte_length": 8,
            "dec": "6895770938038956638",
            "hex": "5fb2b321fe46325e",
            "id": "X7KzIf5GMl4",
            "keepers": {
              "resource_group": "rg-secure-hyena"
            },
            "prefix": null
          },
          "sensitive_attributes": [],
          "dependencies": [
            "azurerm_resource_group.rg",
            "random_pet.rg_name"
          ]
        }
      ]
    },
    {
      "mode": "managed",
      "type": "random_pet",
      "name": "rg_name",
      "provider": "provider[\"registry.terraform.io/hashicorp/random\"]",
      "instances": [
        {
          "schema_version": 0,
          "attributes": {
            "id": "rg-secure-hyena",
            "keepers": null,
            "length": 2,
            "prefix": "rg",
            "separator": "-"
          },
          "sensitive_attributes": []
        }
      ]
    },
    {
      "mode": "managed",
      "type": "random_pet",
      "name": "ssh_key_name",
      "provider": "provider[\"registry.terraform.io/hashicorp/random\"]",
      "instances": [
        {
          "schema_version": 0,
          "attributes": {
            "id": "sshpoeticsilkworm",
            "keepers": null,
            "length": 2,
            "prefix": "ssh",
            "separator": ""
          },
          "sensitive_attributes": []
        }
      ]
    }
  ],
  "check_results": null
}
